{
    "_readme": [
        "This file locks the dependencies of your project to a known state",
        "Read more about it at https://getcomposer.org/doc/01-basic-usage.md#installing-dependencies",
        "This file is @generated automatically"
    ],
    "content-hash": "ef83f41b683e72cdcaf5eba234afedb1",
    "packages": [
        {
            "name": "automattic/jetpack-autoloader",
            "version": "dev-master",
            "source": {
                "type": "git",
                "url": "https://github.com/Automattic/jetpack-autoloader.git",
                "reference": "34484f300429699e71bc09baa7f459eb1da0fe14"
            },
            "dist": {
                "type": "zip",
                "url": "https://api.github.com/repos/Automattic/jetpack-autoloader/zipball/34484f300429699e71bc09baa7f459eb1da0fe14",
                "reference": "34484f300429699e71bc09baa7f459eb1da0fe14",
                "shasum": ""
            },
            "require": {
                "composer-plugin-api": "^1.1"
            },
            "require-dev": {
                "phpunit/phpunit": "^5.7 || ^6.5 || ^7.5"
            },
            "type": "composer-plugin",
            "extra": {
                "class": "Automattic\\Jetpack\\Autoloader\\CustomAutoloaderPlugin"
            },
            "autoload": {
                "psr-4": {
                    "Automattic\\Jetpack\\Autoloader\\": "src"
                }
            },
            "notification-url": "https://packagist.org/downloads/",
            "license": [
                "GPL-2.0-or-later"
            ],
            "description": "Creates a custom autoloader for a plugin or theme.",
            "time": "2019-12-09T22:37:41+00:00"
        },
        {
            "name": "automattic/jetpack-connection",
            "version": "dev-master",
            "source": {
                "type": "git",
                "url": "https://github.com/Automattic/jetpack-connection.git",
                "reference": "5348680ad171cf7e6bdb2de511ac37e8e6db9d16"
            },
            "dist": {
                "type": "zip",
                "url": "https://api.github.com/repos/Automattic/jetpack-connection/zipball/5348680ad171cf7e6bdb2de511ac37e8e6db9d16",
                "reference": "5348680ad171cf7e6bdb2de511ac37e8e6db9d16",
                "shasum": ""
            },
            "require": {
                "automattic/jetpack-constants": "@dev",
                "automattic/jetpack-options": "@dev",
                "automattic/jetpack-roles": "@dev"
            },
            "require-dev": {
                "php-mock/php-mock": "^2.1",
                "phpunit/phpunit": "^5.7 || ^6.5 || ^7.5"
            },
            "type": "library",
            "autoload": {
                "files": [
                    "legacy/load-ixr.php"
                ],
                "classmap": [
                    "legacy",
                    "src/"
                ]
            },
            "notification-url": "https://packagist.org/downloads/",
            "license": [
                "GPL-2.0-or-later"
            ],
            "description": "Everything needed to connect to the Jetpack infrastructure",
            "time": "2019-11-25T13:53:28+00:00"
        },
        {
            "name": "automattic/jetpack-constants",
            "version": "v1.1.3",
            "source": {
                "type": "git",
                "url": "https://github.com/Automattic/jetpack-constants.git",
                "reference": "5fdd94dec1151e7defd684a97e0b64fe6ff1bd3a"
            },
            "dist": {
                "type": "zip",
                "url": "https://api.github.com/repos/Automattic/jetpack-constants/zipball/5fdd94dec1151e7defd684a97e0b64fe6ff1bd3a",
                "reference": "5fdd94dec1151e7defd684a97e0b64fe6ff1bd3a",
                "shasum": ""
            },
            "require-dev": {
                "phpunit/phpunit": "^5.7 || ^6.5 || ^7.5"
            },
            "type": "library",
            "autoload": {
                "classmap": [
                    "src/"
                ]
            },
            "notification-url": "https://packagist.org/downloads/",
            "license": [
                "GPL-2.0-or-later"
            ],
            "description": "A wrapper for defining constants in a more testable way.",
            "time": "2019-11-08T21:16:05+00:00"
        },
        {
            "name": "automattic/jetpack-options",
            "version": "dev-master",
            "source": {
                "type": "git",
                "url": "https://github.com/Automattic/jetpack-options.git",
                "reference": "cc81a75b7b3fecd1155a517a057ca74975ca8b5d"
            },
            "dist": {
                "type": "zip",
                "url": "https://api.github.com/repos/Automattic/jetpack-options/zipball/cc81a75b7b3fecd1155a517a057ca74975ca8b5d",
                "reference": "cc81a75b7b3fecd1155a517a057ca74975ca8b5d",
                "shasum": ""
            },
            "require": {
                "automattic/jetpack-constants": "@dev"
            },
            "require-dev": {
                "10up/wp_mock": "0.4.2",
                "phpunit/phpunit": "7.*.*"
            },
            "type": "library",
            "autoload": {
                "classmap": [
                    "legacy"
                ]
            },
            "notification-url": "https://packagist.org/downloads/",
            "license": [
                "GPL-2.0-or-later"
            ],
            "description": "A wrapper for wp-options to manage specific Jetpack options.",
            "time": "2019-11-08T21:16:05+00:00"
        },
        {
            "name": "automattic/jetpack-roles",
            "version": "v1.0.4",
            "source": {
                "type": "git",
                "url": "https://github.com/Automattic/jetpack-roles.git",
                "reference": "0cdcff4fdc489c79f20a361c084ec48e326ce483"
            },
            "dist": {
                "type": "zip",
                "url": "https://api.github.com/repos/Automattic/jetpack-roles/zipball/0cdcff4fdc489c79f20a361c084ec48e326ce483",
                "reference": "0cdcff4fdc489c79f20a361c084ec48e326ce483",
                "shasum": ""
            },
            "require-dev": {
                "php-mock/php-mock": "^2.1",
                "phpunit/phpunit": "^5.7 || ^6.5 || ^7.5"
            },
            "type": "library",
            "autoload": {
                "classmap": [
                    "src/"
                ]
            },
            "notification-url": "https://packagist.org/downloads/",
            "license": [
                "GPL-2.0-or-later"
            ],
            "description": "Utilities, related with user roles and capabilities.",
            "time": "2019-11-08T21:16:05+00:00"
        },
        {
            "name": "automattic/jetpack-status",
            "version": "v1.0.4",
            "source": {
                "type": "git",
                "url": "https://github.com/Automattic/jetpack-status.git",
                "reference": "dd1034fd2120b5e8e7380d80da9fa9ef6fa3a85d"
            },
            "dist": {
                "type": "zip",
                "url": "https://api.github.com/repos/Automattic/jetpack-status/zipball/dd1034fd2120b5e8e7380d80da9fa9ef6fa3a85d",
                "reference": "dd1034fd2120b5e8e7380d80da9fa9ef6fa3a85d",
                "shasum": ""
            },
            "require-dev": {
                "php-mock/php-mock": "^2.1",
                "phpunit/phpunit": "^5.7 || ^6.5 || ^7.5"
            },
            "type": "library",
            "autoload": {
                "classmap": [
                    "src/"
                ]
            },
            "notification-url": "https://packagist.org/downloads/",
            "license": [
                "GPL-2.0-or-later"
            ],
            "description": "Used to retrieve information about the current status of Jetpack and the site overall.",
            "time": "2019-11-08T21:16:05+00:00"
        },
        {
            "name": "automattic/jetpack-terms-of-service",
            "version": "v1.0.4",
            "source": {
                "type": "git",
                "url": "https://github.com/Automattic/jetpack-terms-of-service.git",
                "reference": "fcee8e9de7f37d36bd68ac1ebabdb15cf6e10952"
            },
            "dist": {
                "type": "zip",
                "url": "https://api.github.com/repos/Automattic/jetpack-terms-of-service/zipball/fcee8e9de7f37d36bd68ac1ebabdb15cf6e10952",
                "reference": "fcee8e9de7f37d36bd68ac1ebabdb15cf6e10952",
                "shasum": ""
            },
            "require": {
                "automattic/jetpack-connection": "@dev",
                "automattic/jetpack-options": "@dev",
                "automattic/jetpack-status": "@dev"
            },
            "require-dev": {
                "php-mock/php-mock": "^2.1",
                "phpunit/phpunit": "^5.7 || ^6.5 || ^7.5"
            },
            "type": "library",
            "autoload": {
                "classmap": [
                    "src/"
                ]
            },
            "notification-url": "https://packagist.org/downloads/",
            "license": [
                "GPL-2.0-or-later"
            ],
            "description": "Everything need to manage the terms of service state",
            "time": "2019-11-15T16:03:27+00:00"
        },
        {
            "name": "automattic/jetpack-tracking",
            "version": "dev-master",
            "source": {
                "type": "git",
                "url": "https://github.com/Automattic/jetpack-tracking.git",
                "reference": "d337a8f4234c684e80a43ff9ad3051a46a1f35d6"
            },
            "dist": {
                "type": "zip",
                "url": "https://api.github.com/repos/Automattic/jetpack-tracking/zipball/d337a8f4234c684e80a43ff9ad3051a46a1f35d6",
                "reference": "d337a8f4234c684e80a43ff9ad3051a46a1f35d6",
                "shasum": ""
            },
            "require": {
                "automattic/jetpack-options": "@dev",
                "automattic/jetpack-terms-of-service": "@dev"
            },
            "require-dev": {
                "php-mock/php-mock": "^2.1",
                "phpunit/phpunit": "^5.7 || ^6.5 || ^7.5"
            },
            "type": "library",
            "autoload": {
                "classmap": [
                    "legacy",
                    "src/"
                ]
            },
            "notification-url": "https://packagist.org/downloads/",
            "license": [
                "GPL-2.0-or-later"
            ],
            "description": "Tracking for Jetpack",
            "time": "2019-11-08T21:16:05+00:00"
        },
        {
            "name": "composer/installers",
            "version": "v1.6.0",
            "source": {
                "type": "git",
                "url": "https://github.com/composer/installers.git",
                "reference": "cfcca6b1b60bc4974324efb5783c13dca6932b5b"
            },
            "dist": {
                "type": "zip",
                "url": "https://api.github.com/repos/composer/installers/zipball/cfcca6b1b60bc4974324efb5783c13dca6932b5b",
                "reference": "cfcca6b1b60bc4974324efb5783c13dca6932b5b",
                "shasum": ""
            },
            "require": {
                "composer-plugin-api": "^1.0"
            },
            "replace": {
                "roundcube/plugin-installer": "*",
                "shama/baton": "*"
            },
            "require-dev": {
                "composer/composer": "1.0.*@dev",
                "phpunit/phpunit": "^4.8.36"
            },
            "type": "composer-plugin",
            "extra": {
                "class": "Composer\\Installers\\Plugin",
                "branch-alias": {
                    "dev-master": "1.0-dev"
                }
            },
            "autoload": {
                "psr-4": {
                    "Composer\\Installers\\": "src/Composer/Installers"
                }
            },
            "notification-url": "https://packagist.org/downloads/",
            "license": [
                "MIT"
            ],
            "authors": [
                {
                    "name": "Kyle Robinson Young",
                    "email": "kyle@dontkry.com",
                    "homepage": "https://github.com/shama"
                }
            ],
            "description": "A multi-framework Composer library installer",
            "homepage": "https://composer.github.io/installers/",
            "keywords": [
                "Craft",
                "Dolibarr",
                "Eliasis",
                "Hurad",
                "ImageCMS",
                "Kanboard",
                "Lan Management System",
                "MODX Evo",
                "Mautic",
                "Maya",
                "OXID",
                "Plentymarkets",
                "Porto",
                "RadPHP",
                "SMF",
                "Thelia",
                "WolfCMS",
                "agl",
                "aimeos",
                "annotatecms",
                "attogram",
                "bitrix",
                "cakephp",
                "chef",
                "cockpit",
                "codeigniter",
                "concrete5",
                "croogo",
                "dokuwiki",
                "drupal",
                "eZ Platform",
                "elgg",
                "expressionengine",
                "fuelphp",
                "grav",
                "installer",
                "itop",
                "joomla",
                "kohana",
                "laravel",
                "lavalite",
                "lithium",
                "magento",
                "majima",
                "mako",
                "mediawiki",
                "modulework",
                "modx",
                "moodle",
                "osclass",
                "phpbb",
                "piwik",
                "ppi",
                "puppet",
                "pxcms",
                "reindex",
                "roundcube",
                "shopware",
                "silverstripe",
                "sydes",
                "symfony",
                "typo3",
                "wordpress",
                "yawik",
                "zend",
                "zikula"
            ],
            "time": "2018-08-27T06:10:37+00:00"
        }
    ],
    "packages-dev": [],
    "aliases": [],
    "minimum-stability": "dev",
    "stability-flags": {
        "automattic/jetpack-autoloader": 20,
        "automattic/jetpack-connection": 20,
        "automattic/jetpack-tracking": 20,
        "automattic/jetpack-options": 20
    },
    "prefer-stable": true,
    "prefer-lowest": false,
    "platform": [],
    "platform-dev": [],
    "platform-overrides": {
        "php": "7.0"
    }
}
